
Microsoft Visual Studio Solution File, Format Version 12.00
# Visual Studio 2012
Project("{FAE04EC0-301F-11D3-BF4B-00C04F79EFBC}") = "AminoTools", "AminoTools\AminoTools.csproj", "{020687D2-5647-43C3-AD6F-484DE0EC242C}"
EndProject
Project("{FAE04EC0-301F-11D3-BF4B-00C04F79EFBC}") = "AminoTools.iOS", "iOS\AminoTools.iOS.csproj", "{EB08F1BF-73AB-498D-86CE-E72B5E87EF2F}"
EndProject
Project("{FAE04EC0-301F-11D3-BF4B-00C04F79EFBC}") = "AminoTools.Droid", "Droid\AminoTools.Droid.csproj", "{8ED37C30-DE4C-45C8-BD64-3493009C9AFF}"
EndProject
Global
	GlobalSection(SolutionConfigurationPlatforms) = preSolution
		Debug|Any CPU = Debug|Any CPU
		Release|Any CPU = Release|Any CPU
		Debug|iPhoneSimulator = Debug|iPhoneSimulator
		Release|iPhone = Release|iPhone
		Release|iPhoneSimulator = Release|iPhoneSimulator
		Debug|iPhone = Debug|iPhone
	EndGlobalSection
	GlobalSection(ProjectConfigurationPlatforms) = postSolution
		{020687D2-5647-43C3-AD6F-484DE0EC242C}.Debug|Any CPU.ActiveCfg = Debug|Any CPU
		{020687D2-5647-43C3-AD6F-484DE0EC242C}.Debug|Any CPU.Build.0 = Debug|Any CPU
		{020687D2-5647-43C3-AD6F-484DE0EC242C}.Release|Any CPU.ActiveCfg = Release|Any CPU
		{020687D2-5647-43C3-AD6F-484DE0EC242C}.Release|Any CPU.Build.0 = Release|Any CPU
		{020687D2-5647-43C3-AD6F-484DE0EC242C}.Debug|iPhoneSimulator.ActiveCfg = Debug|Any CPU
		{020687D2-5647-43C3-AD6F-484DE0EC242C}.Debug|iPhoneSimulator.Build.0 = Debug|Any CPU
		{020687D2-5647-43C3-AD6F-484DE0EC242C}.Release|iPhone.ActiveCfg = Release|Any CPU
		{020687D2-5647-43C3-AD6F-484DE0EC242C}.Release|iPhone.Build.0 = Release|Any CPU
		{020687D2-5647-43C3-AD6F-484DE0EC242C}.Release|iPhoneSimulator.ActiveCfg = Release|Any CPU
		{020687D2-5647-43C3-AD6F-484DE0EC242C}.Release|iPhoneSimulator.Build.0 = Release|Any CPU
		{020687D2-5647-43C3-AD6F-484DE0EC242C}.Debug|iPhone.ActiveCfg = Debug|Any CPU
		{020687D2-5647-43C3-AD6F-484DE0EC242C}.Debug|iPhone.Build.0 = Debug|Any CPU
		{EB08F1BF-73AB-498D-86CE-E72B5E87EF2F}.Debug|Any CPU.ActiveCfg = Debug|iPhoneSimulator
		{EB08F1BF-73AB-498D-86CE-E72B5E87EF2F}.Debug|Any CPU.Build.0 = Debug|iPhoneSimulator
		{EB08F1BF-73AB-498D-86CE-E72B5E87EF2F}.Release|Any CPU.ActiveCfg = Release|iPhone
		{EB08F1BF-73AB-498D-86CE-E72B5E87EF2F}.Release|Any CPU.Build.0 = Release|iPhone
		{EB08F1BF-73AB-498D-86CE-E72B5E87EF2F}.Debug|iPhoneSimulator.ActiveCfg = Debug|iPhoneSimulator
		{EB08F1BF-73AB-498D-86CE-E72B5E87EF2F}.Debug|iPhoneSimulator.Build.0 = Debug|iPhoneSimulator
		{EB08F1BF-73AB-498D-86CE-E72B5E87EF2F}.Release|iPhone.ActiveCfg = Release|iPhone
		{EB08F1BF-73AB-498D-86CE-E72B5E87EF2F}.Release|iPhone.Build.0 = Release|iPhone
		{EB08F1BF-73AB-498D-86CE-E72B5E87EF2F}.Release|iPhoneSimulator.ActiveCfg = Release|iPhoneSimulator
		{EB08F1BF-73AB-498D-86CE-E72B5E87EF2F}.Release|iPhoneSimulator.Build.0 = Release|iPhoneSimulator
		{EB08F1BF-73AB-498D-86CE-E72B5E87EF2F}.Debug|iPhone.ActiveCfg = Debug|iPhone
		{EB08F1BF-73AB-498D-86CE-E72B5E87EF2F}.Debug|iPhone.Build.0 = Debug|iPhone
		{8ED37C30-DE4C-45C8-BD64-3493009C9AFF}.Debug|Any CPU.ActiveCfg = Debug|Any CPU
		{8ED37C30-DE4C-45C8-BD64-3493009C9AFF}.Debug|Any CPU.Build.0 = Debug|Any CPU
		{8ED37C30-DE4C-45C8-BD64-3493009C9AFF}.Release|Any CPU.ActiveCfg = Release|Any CPU
		{8ED37C30-DE4C-45C8-BD64-3493009C9AFF}.Release|Any CPU.Build.0 = Release|Any CPU
		{8ED37C30-DE4C-45C8-BD64-3493009C9AFF}.Debug|iPhoneSimulator.ActiveCfg = Debug|Any CPU
		{8ED37C30-DE4C-45C8-BD64-3493009C9AFF}.Debug|iPhoneSimulator.Build.0 = Debug|Any CPU
		{8ED37C30-DE4C-45C8-BD64-3493009C9AFF}.Release|iPhone.ActiveCfg = Release|Any CPU
		{8ED37C30-DE4C-45C8-BD64-3493009C9AFF}.Release|iPhone.Build.0 = Release|Any CPU
		{8ED37C30-DE4C-45C8-BD64-3493009C9AFF}.Release|iPhoneSimulator.ActiveCfg = Release|Any CPU
		{8ED37C30-DE4C-45C8-BD64-3493009C9AFF}.Release|iPhoneSimulator.Build.0 = Release|Any CPU
		{8ED37C30-DE4C-45C8-BD64-3493009C9AFF}.Debug|iPhone.ActiveCfg = Debug|Any CPU
		{8ED37C30-DE4C-45C8-BD64-3493009C9AFF}.Debug|iPhone.Build.0 = Debug|Any CPU
	EndGlobalSection
EndGlobal
