Microsoft Visual Studio Solution File, Format Version 12.00
# Visual Studio 15
VisualStudioVersion = 15.0.27004.2002
MinimumVisualStudioVersion = 10.0.40219.1
Project("{FAE04EC0-301F-11D3-BF4B-00C04F79EFBC}") = "AminoTools", "AminoTools\AminoTools.csproj", "{020687D2-5647-43C3-AD6F-484DE0EC242C}"
EndProject
Project("{FAE04EC0-301F-11D3-BF4B-00C04F79EFBC}") = "AminoTools.iOS", "iOS\AminoTools.iOS.csproj", "{EB08F1BF-73AB-498D-86CE-E72B5E87EF2F}"
EndProject
Project("{FAE04EC0-301F-11D3-BF4B-00C04F79EFBC}") = "AminoTools.Droid", "Droid\AminoTools.Droid.csproj", "{8ED37C30-DE4C-45C8-BD64-3493009C9AFF}"
EndProject
Project("{FAE04EC0-301F-11D3-BF4B-00C04F79EFBC}") = "AminoApi", "AminoApi\AminoApi.csproj", "{67F9D3A8-F71E-4428-913F-C37AE82CDB24}"
EndProject
Project("{FAE04EC0-301F-11D3-BF4B-00C04F79EFBC}") = "AminoTools.TesterConsoleApp", "AminoTools.TesterConsoleApp\AminoTools.TesterConsoleApp.csproj", "{DBC9CDDA-FDB1-44D9-9BB6-2DFFE6C893DD}"
EndProject
Project("{FAE04EC0-301F-11D3-BF4B-00C04F79EFBC}") = "AminoBot", "AminoBot\AminoBot.csproj", "{941E07BA-0EB1-4DAC-86C2-EF298EB44081}"
EndProject
Global
	GlobalSection(SolutionConfigurationPlatforms) = preSolution
		Debug|Any CPU = Debug|Any CPU
		Debug|iPhone = Debug|iPhone
		Debug|iPhoneSimulator = Debug|iPhoneSimulator
		Release|Any CPU = Release|Any CPU
		Release|iPhone = Release|iPhone
		Release|iPhoneSimulator = Release|iPhoneSimulator
	EndGlobalSection
	GlobalSection(ProjectConfigurationPlatforms) = postSolution
		{020687D2-5647-43C3-AD6F-484DE0EC242C}.Debug|Any CPU.ActiveCfg = Debug|Any CPU
		{020687D2-5647-43C3-AD6F-484DE0EC242C}.Debug|Any CPU.Build.0 = Debug|Any CPU
		{020687D2-5647-43C3-AD6F-484DE0EC242C}.Debug|iPhone.ActiveCfg = Debug|Any CPU
		{020687D2-5647-43C3-AD6F-484DE0EC242C}.Debug|iPhone.Build.0 = Debug|Any CPU
		{020687D2-5647-43C3-AD6F-484DE0EC242C}.Debug|iPhoneSimulator.ActiveCfg = Debug|Any CPU
		{020687D2-5647-43C3-AD6F-484DE0EC242C}.Debug|iPhoneSimulator.Build.0 = Debug|Any CPU
		{020687D2-5647-43C3-AD6F-484DE0EC242C}.Release|Any CPU.ActiveCfg = Release|Any CPU
		{020687D2-5647-43C3-AD6F-484DE0EC242C}.Release|Any CPU.Build.0 = Release|Any CPU
		{020687D2-5647-43C3-AD6F-484DE0EC242C}.Release|iPhone.ActiveCfg = Release|Any CPU
		{020687D2-5647-43C3-AD6F-484DE0EC242C}.Release|iPhone.Build.0 = Release|Any CPU
		{020687D2-5647-43C3-AD6F-484DE0EC242C}.Release|iPhoneSimulator.ActiveCfg = Release|Any CPU
		{020687D2-5647-43C3-AD6F-484DE0EC242C}.Release|iPhoneSimulator.Build.0 = Release|Any CPU
		{EB08F1BF-73AB-498D-86CE-E72B5E87EF2F}.Debug|Any CPU.ActiveCfg = Debug|iPhoneSimulator
		{EB08F1BF-73AB-498D-86CE-E72B5E87EF2F}.Debug|Any CPU.Build.0 = Debug|iPhoneSimulator
		{EB08F1BF-73AB-498D-86CE-E72B5E87EF2F}.Debug|iPhone.ActiveCfg = Debug|iPhone
		{EB08F1BF-73AB-498D-86CE-E72B5E87EF2F}.Debug|iPhone.Build.0 = Debug|iPhone
		{EB08F1BF-73AB-498D-86CE-E72B5E87EF2F}.Debug|iPhoneSimulator.ActiveCfg = Debug|iPhoneSimulator
		{EB08F1BF-73AB-498D-86CE-E72B5E87EF2F}.Debug|iPhoneSimulator.Build.0 = Debug|iPhoneSimulator
		{EB08F1BF-73AB-498D-86CE-E72B5E87EF2F}.Release|Any CPU.ActiveCfg = Release|iPhone
		{EB08F1BF-73AB-498D-86CE-E72B5E87EF2F}.Release|Any CPU.Build.0 = Release|iPhone
		{EB08F1BF-73AB-498D-86CE-E72B5E87EF2F}.Release|iPhone.ActiveCfg = Release|iPhone
		{EB08F1BF-73AB-498D-86CE-E72B5E87EF2F}.Release|iPhone.Build.0 = Release|iPhone
		{EB08F1BF-73AB-498D-86CE-E72B5E87EF2F}.Release|iPhoneSimulator.ActiveCfg = Release|iPhoneSimulator
		{EB08F1BF-73AB-498D-86CE-E72B5E87EF2F}.Release|iPhoneSimulator.Build.0 = Release|iPhoneSimulator
		{8ED37C30-DE4C-45C8-BD64-3493009C9AFF}.Debug|Any CPU.ActiveCfg = Debug|Any CPU
		{8ED37C30-DE4C-45C8-BD64-3493009C9AFF}.Debug|Any CPU.Build.0 = Debug|Any CPU
		{8ED37C30-DE4C-45C8-BD64-3493009C9AFF}.Debug|Any CPU.Deploy.0 = Debug|Any CPU
		{8ED37C30-DE4C-45C8-BD64-3493009C9AFF}.Debug|iPhone.ActiveCfg = Debug|Any CPU
		{8ED37C30-DE4C-45C8-BD64-3493009C9AFF}.Debug|iPhone.Build.0 = Debug|Any CPU
		{8ED37C30-DE4C-45C8-BD64-3493009C9AFF}.Debug|iPhoneSimulator.ActiveCfg = Debug|Any CPU
		{8ED37C30-DE4C-45C8-BD64-3493009C9AFF}.Debug|iPhoneSimulator.Build.0 = Debug|Any CPU
		{8ED37C30-DE4C-45C8-BD64-3493009C9AFF}.Release|Any CPU.ActiveCfg = Release|Any CPU
		{8ED37C30-DE4C-45C8-BD64-3493009C9AFF}.Release|Any CPU.Build.0 = Release|Any CPU
		{8ED37C30-DE4C-45C8-BD64-3493009C9AFF}.Release|iPhone.ActiveCfg = Release|Any CPU
		{8ED37C30-DE4C-45C8-BD64-3493009C9AFF}.Release|iPhone.Build.0 = Release|Any CPU
		{8ED37C30-DE4C-45C8-BD64-3493009C9AFF}.Release|iPhoneSimulator.ActiveCfg = Release|Any CPU
		{8ED37C30-DE4C-45C8-BD64-3493009C9AFF}.Release|iPhoneSimulator.Build.0 = Release|Any CPU
		{67F9D3A8-F71E-4428-913F-C37AE82CDB24}.Debug|Any CPU.ActiveCfg = Debug|Any CPU
		{67F9D3A8-F71E-4428-913F-C37AE82CDB24}.Debug|Any CPU.Build.0 = Debug|Any CPU
		{67F9D3A8-F71E-4428-913F-C37AE82CDB24}.Debug|iPhone.ActiveCfg = Debug|Any CPU
		{67F9D3A8-F71E-4428-913F-C37AE82CDB24}.Debug|iPhone.Build.0 = Debug|Any CPU
		{67F9D3A8-F71E-4428-913F-C37AE82CDB24}.Debug|iPhoneSimulator.ActiveCfg = Debug|Any CPU
		{67F9D3A8-F71E-4428-913F-C37AE82CDB24}.Debug|iPhoneSimulator.Build.0 = Debug|Any CPU
		{67F9D3A8-F71E-4428-913F-C37AE82CDB24}.Release|Any CPU.ActiveCfg = Release|Any CPU
		{67F9D3A8-F71E-4428-913F-C37AE82CDB24}.Release|Any CPU.Build.0 = Release|Any CPU
		{67F9D3A8-F71E-4428-913F-C37AE82CDB24}.Release|iPhone.ActiveCfg = Release|Any CPU
		{67F9D3A8-F71E-4428-913F-C37AE82CDB24}.Release|iPhone.Build.0 = Release|Any CPU
		{67F9D3A8-F71E-4428-913F-C37AE82CDB24}.Release|iPhoneSimulator.ActiveCfg = Release|Any CPU
		{67F9D3A8-F71E-4428-913F-C37AE82CDB24}.Release|iPhoneSimulator.Build.0 = Release|Any CPU
		{DBC9CDDA-FDB1-44D9-9BB6-2DFFE6C893DD}.Debug|Any CPU.ActiveCfg = Debug|Any CPU
		{DBC9CDDA-FDB1-44D9-9BB6-2DFFE6C893DD}.Debug|Any CPU.Build.0 = Debug|Any CPU
		{DBC9CDDA-FDB1-44D9-9BB6-2DFFE6C893DD}.Debug|iPhone.ActiveCfg = Debug|Any CPU
		{DBC9CDDA-FDB1-44D9-9BB6-2DFFE6C893DD}.Debug|iPhone.Build.0 = Debug|Any CPU
		{DBC9CDDA-FDB1-44D9-9BB6-2DFFE6C893DD}.Debug|iPhoneSimulator.ActiveCfg = Debug|Any CPU
		{DBC9CDDA-FDB1-44D9-9BB6-2DFFE6C893DD}.Debug|iPhoneSimulator.Build.0 = Debug|Any CPU
		{DBC9CDDA-FDB1-44D9-9BB6-2DFFE6C893DD}.Release|Any CPU.ActiveCfg = Release|Any CPU
		{DBC9CDDA-FDB1-44D9-9BB6-2DFFE6C893DD}.Release|Any CPU.Build.0 = Release|Any CPU
		{DBC9CDDA-FDB1-44D9-9BB6-2DFFE6C893DD}.Release|iPhone.ActiveCfg = Release|Any CPU
		{DBC9CDDA-FDB1-44D9-9BB6-2DFFE6C893DD}.Release|iPhone.Build.0 = Release|Any CPU
		{DBC9CDDA-FDB1-44D9-9BB6-2DFFE6C893DD}.Release|iPhoneSimulator.ActiveCfg = Release|Any CPU
		{DBC9CDDA-FDB1-44D9-9BB6-2DFFE6C893DD}.Release|iPhoneSimulator.Build.0 = Release|Any CPU
		{941E07BA-0EB1-4DAC-86C2-EF298EB44081}.Debug|Any CPU.ActiveCfg = Debug|Any CPU
		{941E07BA-0EB1-4DAC-86C2-EF298EB44081}.Debug|Any CPU.Build.0 = Debug|Any CPU
		{941E07BA-0EB1-4DAC-86C2-EF298EB44081}.Debug|iPhone.ActiveCfg = Debug|Any CPU
		{941E07BA-0EB1-4DAC-86C2-EF298EB44081}.Debug|iPhone.Build.0 = Debug|Any CPU
		{941E07BA-0EB1-4DAC-86C2-EF298EB44081}.Debug|iPhoneSimulator.ActiveCfg = Debug|Any CPU
		{941E07BA-0EB1-4DAC-86C2-EF298EB44081}.Debug|iPhoneSimulator.Build.0 = Debug|Any CPU
		{941E07BA-0EB1-4DAC-86C2-EF298EB44081}.Release|Any CPU.ActiveCfg = Release|Any CPU
		{941E07BA-0EB1-4DAC-86C2-EF298EB44081}.Release|Any CPU.Build.0 = Release|Any CPU
		{941E07BA-0EB1-4DAC-86C2-EF298EB44081}.Release|iPhone.ActiveCfg = Release|Any CPU
		{941E07BA-0EB1-4DAC-86C2-EF298EB44081}.Release|iPhone.Build.0 = Release|Any CPU
		{941E07BA-0EB1-4DAC-86C2-EF298EB44081}.Release|iPhoneSimulator.ActiveCfg = Release|Any CPU
		{941E07BA-0EB1-4DAC-86C2-EF298EB44081}.Release|iPhoneSimulator.Build.0 = Release|Any CPU
	EndGlobalSection
	GlobalSection(SolutionProperties) = preSolution
		HideSolutionNode = FALSE
	EndGlobalSection
	GlobalSection(ExtensibilityGlobals) = postSolution
		SolutionGuid = {A851AE8A-B26D-4560-9CD7-8228274A43F7}
	EndGlobalSection
EndGlobal
